
Microsoft Visual Studio Solution File, Format Version 12.00
# Visual Studio Version 17
VisualStudioVersion = 17.0.31903.59
MinimumVisualStudioVersion = 10.0.40219.1
Project("{2150E333-8FDC-42A3-9474-1A3956D46DE8}") = "src", "src", "{3970EB7C-D32D-4121-B39A-8280E95724DF}"
EndProject
Project("{FAE04EC0-301F-11D3-BF4B-00C04F79EFBC}") = "Exambro-Muhipo", "src\Exambro-Muhipo\Exambro-Muhipo.csproj", "{62E18C92-C286-405C-9006-CB9B84C9B8D7}"
EndProject
Project("{2150E333-8FDC-42A3-9474-1A3956D46DE8}") = "tests", "tests", "{1FD6F3DF-FA92-462D-88BD-EBED7270511F}"
EndProject
Project("{FAE04EC0-301F-11D3-BF4B-00C04F79EFBC}") = "Exambro-Muhipo.Tests", "tests\Exambro-Muhipo.Tests\Exambro-Muhipo.Tests.csproj", "{03C49B34-B9A4-4E15-AEE5-2BE186B616F7}"
EndProject
Global
	GlobalSection(SolutionConfigurationPlatforms) = preSolution
		Debug|Any CPU = Debug|Any CPU
		Release|Any CPU = Release|Any CPU
	EndGlobalSection
	GlobalSection(SolutionProperties) = preSolution
		HideSolutionNode = FALSE
	EndGlobalSection
	GlobalSection(ProjectConfigurationPlatforms) = postSolution
		{62E18C92-C286-405C-9006-CB9B84C9B8D7}.Debug|Any CPU.ActiveCfg = Debug|Any CPU
		{62E18C92-C286-405C-9006-CB9B84C9B8D7}.Debug|Any CPU.Build.0 = Debug|Any CPU
		{62E18C92-C286-405C-9006-CB9B84C9B8D7}.Release|Any CPU.ActiveCfg = Release|Any CPU
		{62E18C92-C286-405C-9006-CB9B84C9B8D7}.Release|Any CPU.Build.0 = Release|Any CPU
		{03C49B34-B9A4-4E15-AEE5-2BE186B616F7}.Debug|Any CPU.ActiveCfg = Debug|Any CPU
		{03C49B34-B9A4-4E15-AEE5-2BE186B616F7}.Debug|Any CPU.Build.0 = Debug|Any CPU
		{03C49B34-B9A4-4E15-AEE5-2BE186B616F7}.Release|Any CPU.ActiveCfg = Release|Any CPU
		{03C49B34-B9A4-4E15-AEE5-2BE186B616F7}.Release|Any CPU.Build.0 = Release|Any CPU
	EndGlobalSection
	GlobalSection(NestedProjects) = preSolution
		{62E18C92-C286-405C-9006-CB9B84C9B8D7} = {3970EB7C-D32D-4121-B39A-8280E95724DF}
		{03C49B34-B9A4-4E15-AEE5-2BE186B616F7} = {1FD6F3DF-FA92-462D-88BD-EBED7270511F}
	EndGlobalSection
EndGlobal
